
Microsoft Visual Studio Solution File, Format Version 12.00
# Visual Studio Version 17
VisualStudioVersion = 17.8.34330.188
MinimumVisualStudioVersion = 10.0.40219.1
Project("{FAE04EC0-301F-11D3-BF4B-00C04F79EFBC}") = "MCFunctionSyntaxCompletionServer", "MCFunctionSyntaxCompletionServer.csproj", "{E44B5FB9-52B9-44C9-A292-6A33B6C66016}"
EndProject
Global
	GlobalSection(SolutionConfigurationPlatforms) = preSolution
		Debug|Any CPU = Debug|Any CPU
		Release|Any CPU = Release|Any CPU
	EndGlobalSection
	GlobalSection(ProjectConfigurationPlatforms) = postSolution
		{E44B5FB9-52B9-44C9-A292-6A33B6C66016}.Debug|Any CPU.ActiveCfg = Debug|Any CPU
		{E44B5FB9-52B9-44C9-A292-6A33B6C66016}.Debug|Any CPU.Build.0 = Debug|Any CPU
		{E44B5FB9-52B9-44C9-A292-6A33B6C66016}.Release|Any CPU.ActiveCfg = Release|Any CPU
		{E44B5FB9-52B9-44C9-A292-6A33B6C66016}.Release|Any CPU.Build.0 = Release|Any CPU
	EndGlobalSection
	GlobalSection(SolutionProperties) = preSolution
		HideSolutionNode = FALSE
	EndGlobalSection
	GlobalSection(ExtensibilityGlobals) = postSolution
		SolutionGuid = {20600ECE-1ABB-4BBD-8749-DE6D1C47DF5F}
	EndGlobalSection
EndGlobal
